
Microsoft Visual Studio Solution File, Format Version 12.00
# Visual Studio Version 17
VisualStudioVersion = 17.11.35312.102
MinimumVisualStudioVersion = 10.0.40219.1
Project("{FAE04EC0-301F-11D3-BF4B-00C04F79EFBC}") = "Maze", "Maze\Maze.csproj", "{3DDB0144-E3D5-4AD3-BDE7-6AC47B6D3696}"
EndProject
Project("{FAE04EC0-301F-11D3-BF4B-00C04F79EFBC}") = "Maze.DataAccess", "Maze.Data\Maze.DataAccess.csproj", "{DC5870AE-1E45-4833-88C1-2024ACF0A673}"
EndProject
Global
	GlobalSection(SolutionConfigurationPlatforms) = preSolution
		Debug|Any CPU = Debug|Any CPU
		Release|Any CPU = Release|Any CPU
	EndGlobalSection
	GlobalSection(ProjectConfigurationPlatforms) = postSolution
		{3DDB0144-E3D5-4AD3-BDE7-6AC47B6D3696}.Debug|Any CPU.ActiveCfg = Debug|Any CPU
		{3DDB0144-E3D5-4AD3-BDE7-6AC47B6D3696}.Debug|Any CPU.Build.0 = Debug|Any CPU
		{3DDB0144-E3D5-4AD3-BDE7-6AC47B6D3696}.Release|Any CPU.ActiveCfg = Release|Any CPU
		{3DDB0144-E3D5-4AD3-BDE7-6AC47B6D3696}.Release|Any CPU.Build.0 = Release|Any CPU
		{DC5870AE-1E45-4833-88C1-2024ACF0A673}.Debug|Any CPU.ActiveCfg = Debug|Any CPU
		{DC5870AE-1E45-4833-88C1-2024ACF0A673}.Debug|Any CPU.Build.0 = Debug|Any CPU
		{DC5870AE-1E45-4833-88C1-2024ACF0A673}.Release|Any CPU.ActiveCfg = Release|Any CPU
		{DC5870AE-1E45-4833-88C1-2024ACF0A673}.Release|Any CPU.Build.0 = Release|Any CPU
	EndGlobalSection
	GlobalSection(SolutionProperties) = preSolution
		HideSolutionNode = FALSE
	EndGlobalSection
	GlobalSection(ExtensibilityGlobals) = postSolution
		SolutionGuid = {C93CF805-91A9-4589-B940-FA5F0C920364}
	EndGlobalSection
EndGlobal
